
Microsoft Visual Studio Solution File, Format Version 12.00
# Visual Studio 15
VisualStudioVersion = 15.0.28010.2003
MinimumVisualStudioVersion = 10.0.40219.1
Project("{9A19103F-16F7-4668-BE54-9A1E7A4F7556}") = "Scribe.Library", "Scribe\Scribe.Library.csproj", "{45798093-E413-460E-A4DD-0BEA64AE7077}"
EndProject
Project("{9A19103F-16F7-4668-BE54-9A1E7A4F7556}") = "Scribe.Tests", "ScribeTests\Scribe.Tests.csproj", "{09DD7C2D-AD30-4F8E-BB57-7D4ABD796343}"
EndProject
Project("{FAE04EC0-301F-11D3-BF4B-00C04F79EFBC}") = "Scribe.Mapping", "Scribe.Mapping\Scribe.Mapping.csproj", "{8AC7377F-CBAF-4444-B850-3D60B5CD4510}"
EndProject
Global
	GlobalSection(SolutionConfigurationPlatforms) = preSolution
		Debug|Any CPU = Debug|Any CPU
		Release|Any CPU = Release|Any CPU
	EndGlobalSection
	GlobalSection(ProjectConfigurationPlatforms) = postSolution
		{45798093-E413-460E-A4DD-0BEA64AE7077}.Debug|Any CPU.ActiveCfg = Debug|Any CPU
		{45798093-E413-460E-A4DD-0BEA64AE7077}.Debug|Any CPU.Build.0 = Debug|Any CPU
		{45798093-E413-460E-A4DD-0BEA64AE7077}.Release|Any CPU.ActiveCfg = Release|Any CPU
		{45798093-E413-460E-A4DD-0BEA64AE7077}.Release|Any CPU.Build.0 = Release|Any CPU
		{09DD7C2D-AD30-4F8E-BB57-7D4ABD796343}.Debug|Any CPU.ActiveCfg = Debug|Any CPU
		{09DD7C2D-AD30-4F8E-BB57-7D4ABD796343}.Debug|Any CPU.Build.0 = Debug|Any CPU
		{09DD7C2D-AD30-4F8E-BB57-7D4ABD796343}.Release|Any CPU.ActiveCfg = Release|Any CPU
		{09DD7C2D-AD30-4F8E-BB57-7D4ABD796343}.Release|Any CPU.Build.0 = Release|Any CPU
		{8AC7377F-CBAF-4444-B850-3D60B5CD4510}.Debug|Any CPU.ActiveCfg = Debug|Any CPU
		{8AC7377F-CBAF-4444-B850-3D60B5CD4510}.Debug|Any CPU.Build.0 = Debug|Any CPU
		{8AC7377F-CBAF-4444-B850-3D60B5CD4510}.Release|Any CPU.ActiveCfg = Release|Any CPU
		{8AC7377F-CBAF-4444-B850-3D60B5CD4510}.Release|Any CPU.Build.0 = Release|Any CPU
	EndGlobalSection
	GlobalSection(SolutionProperties) = preSolution
		HideSolutionNode = FALSE
	EndGlobalSection
	GlobalSection(ExtensibilityGlobals) = postSolution
		SolutionGuid = {8783C657-394E-444C-8F97-277F77F87FE1}
	EndGlobalSection
EndGlobal
